github.com/dhowden/tag v0.0.0-20230630033851-978a0926ee25 h1:simG0vMYFvNriGhaaat7QVVkaVkXzvqcohaBoLZl9Hg=
github.com/dhowden/tag v0.0.0-20230630033851-978a0926ee25/go.mod h1:Z3Lomva4pyMWYezjMAU5QWRh0p1VvO4199OHlFnyKkM=
github.com/dhowden/tag v0.0.0-20240417053706-3d75831295e8 h1:OtSeLS5y0Uy01jaKK4mA/WVIYtpzVm63vLVAPzJXigg=
github.com/dhowden/tag v0.0.0-20240417053706-3d75831295e8/go.mod h1:apkPC/CR3s48O2D7Y++n1XWEpgPNNCjXYga3PPbJe2E=
github.com/texttheater/golang-levenshtein/levenshtein v0.0.0-20200805054039-cae8b0eaed6c h1:HelZ2kAFadG0La9d+4htN4HzQ68Bm2iM9qKMSMES6xg=
github.com/texttheater/golang-levenshtein/levenshtein v0.0.0-20200805054039-cae8b0eaed6c/go.mod h1:JlzghshsemAMDGZLytTFY8C1JQxQPhnatWqNwUXjggo=
